
Microsoft Visual Studio Solution File, Format Version 11.00
# Visual C++ Express 2010
Project("{8BC9CEB8-8B4A-11D0-8D11-00A0C91BC942}") = "aimbot4shoot", "aimbot4shoot\aimbot4shoot.vcxproj", "{0D4CC16C-7EB1-463A-8463-AFB23FFDDA54}"
EndProject
Global
	GlobalSection(SolutionConfigurationPlatforms) = preSolution
		Debug|Win32 = Debug|Win32
		Release|Win32 = Release|Win32
	EndGlobalSection
	GlobalSection(ProjectConfigurationPlatforms) = postSolution
		{0D4CC16C-7EB1-463A-8463-AFB23FFDDA54}.Debug|Win32.ActiveCfg = Debug|Win32
		{0D4CC16C-7EB1-463A-8463-AFB23FFDDA54}.Debug|Win32.Build.0 = Debug|Win32
		{0D4CC16C-7EB1-463A-8463-AFB23FFDDA54}.Release|Win32.ActiveCfg = Release|Win32
		{0D4CC16C-7EB1-463A-8463-AFB23FFDDA54}.Release|Win32.Build.0 = Release|Win32
	EndGlobalSection
	GlobalSection(SolutionProperties) = preSolution
		HideSolutionNode = FALSE
	EndGlobalSection
EndGlobal
